
Microsoft Visual Studio Solution File, Format Version 12.00
# Visual Studio Version 16
VisualStudioVersion = 25.0.1706.9
MinimumVisualStudioVersion = 10.0.40219.1
Project("{FAE04EC0-301F-11D3-BF4B-00C04F79EFBC}") = "GraphQLPlayground.iOS", "GraphQLPlayground.iOS\GraphQLPlayground.iOS.csproj", "{091706DC-AF85-46C8-9A67-78B75BB530DF}"
EndProject
Project("{FAE04EC0-301F-11D3-BF4B-00C04F79EFBC}") = "GraphQLPlayground", "GraphQLPlayground\GraphQLPlayground.csproj", "{4DC289E3-8662-4457-9ADD-86C652571D18}"
EndProject
Global
	GlobalSection(SolutionConfigurationPlatforms) = preSolution
		Debug|iPhoneSimulator = Debug|iPhoneSimulator
		Release|iPhoneSimulator = Release|iPhoneSimulator
		Debug|iPhone = Debug|iPhone
		Release|iPhone = Release|iPhone
		Debug|Any CPU = Debug|Any CPU
		Release|Any CPU = Release|Any CPU
	EndGlobalSection
	GlobalSection(ProjectConfigurationPlatforms) = postSolution
		{091706DC-AF85-46C8-9A67-78B75BB530DF}.Debug|iPhoneSimulator.ActiveCfg = Debug|iPhoneSimulator
		{091706DC-AF85-46C8-9A67-78B75BB530DF}.Debug|iPhoneSimulator.Build.0 = Debug|iPhoneSimulator
		{091706DC-AF85-46C8-9A67-78B75BB530DF}.Release|iPhoneSimulator.ActiveCfg = Release|iPhoneSimulator
		{091706DC-AF85-46C8-9A67-78B75BB530DF}.Release|iPhoneSimulator.Build.0 = Release|iPhoneSimulator
		{091706DC-AF85-46C8-9A67-78B75BB530DF}.Debug|iPhone.ActiveCfg = Debug|iPhone
		{091706DC-AF85-46C8-9A67-78B75BB530DF}.Debug|iPhone.Build.0 = Debug|iPhone
		{091706DC-AF85-46C8-9A67-78B75BB530DF}.Release|iPhone.ActiveCfg = Release|iPhone
		{091706DC-AF85-46C8-9A67-78B75BB530DF}.Release|iPhone.Build.0 = Release|iPhone
		{091706DC-AF85-46C8-9A67-78B75BB530DF}.Debug|Any CPU.ActiveCfg = Debug|iPhoneSimulator
		{091706DC-AF85-46C8-9A67-78B75BB530DF}.Debug|Any CPU.Build.0 = Debug|iPhoneSimulator
		{091706DC-AF85-46C8-9A67-78B75BB530DF}.Release|Any CPU.ActiveCfg = Release|iPhoneSimulator
		{091706DC-AF85-46C8-9A67-78B75BB530DF}.Release|Any CPU.Build.0 = Release|iPhoneSimulator
		{4DC289E3-8662-4457-9ADD-86C652571D18}.Debug|iPhoneSimulator.ActiveCfg = Debug|Any CPU
		{4DC289E3-8662-4457-9ADD-86C652571D18}.Debug|iPhoneSimulator.Build.0 = Debug|Any CPU
		{4DC289E3-8662-4457-9ADD-86C652571D18}.Release|iPhoneSimulator.ActiveCfg = Release|Any CPU
		{4DC289E3-8662-4457-9ADD-86C652571D18}.Release|iPhoneSimulator.Build.0 = Release|Any CPU
		{4DC289E3-8662-4457-9ADD-86C652571D18}.Debug|iPhone.ActiveCfg = Debug|Any CPU
		{4DC289E3-8662-4457-9ADD-86C652571D18}.Debug|iPhone.Build.0 = Debug|Any CPU
		{4DC289E3-8662-4457-9ADD-86C652571D18}.Release|iPhone.ActiveCfg = Release|Any CPU
		{4DC289E3-8662-4457-9ADD-86C652571D18}.Release|iPhone.Build.0 = Release|Any CPU
		{4DC289E3-8662-4457-9ADD-86C652571D18}.Debug|Any CPU.ActiveCfg = Debug|Any CPU
		{4DC289E3-8662-4457-9ADD-86C652571D18}.Debug|Any CPU.Build.0 = Debug|Any CPU
		{4DC289E3-8662-4457-9ADD-86C652571D18}.Release|Any CPU.ActiveCfg = Release|Any CPU
		{4DC289E3-8662-4457-9ADD-86C652571D18}.Release|Any CPU.Build.0 = Release|Any CPU
	EndGlobalSection
	GlobalSection(SolutionProperties) = preSolution
		HideSolutionNode = FALSE
	EndGlobalSection
	GlobalSection(ExtensibilityGlobals) = postSolution
		SolutionGuid = {15BCCE13-AE5D-41B5-A5A5-9FC61B8410EA}
	EndGlobalSection
EndGlobal
